{
  "name": "ShopNet",
  "lockfileVersion": 3,
  "requires": true,
  "packages": {
    "": {
      "dependencies": {
        "@stripe/stripe-js": "^2.1.10"
      }
    },
    "node_modules/@stripe/stripe-js": {
      "version": "2.1.10",
      "resolved": "https://registry.npmjs.org/@stripe/stripe-js/-/stripe-js-2.1.10.tgz",
      "integrity": "sha512-h79zhwvxAJVAvtVjtMoz++DtwI7GdcEItmTC0P2gciZoFUeAO6XX9DL+UXm9uADiEaUvTKqrExYwtBTlMYAaPA=="
    }
  }
}
